
Microsoft Visual Studio Solution File, Format Version 12.00
# Visual Studio Version 17
VisualStudioVersion = 17.4.33122.133
MinimumVisualStudioVersion = 10.0.40219.1
Project("{FAE04EC0-301F-11D3-BF4B-00C04F79EFBC}") = "basico", "basico\basico.csproj", "{44A26A29-5F64-4A4C-BA91-F0860DBFA43A}"
EndProject
Global
	GlobalSection(SolutionConfigurationPlatforms) = preSolution
		Debug|Any CPU = Debug|Any CPU
		Release|Any CPU = Release|Any CPU
	EndGlobalSection
	GlobalSection(ProjectConfigurationPlatforms) = postSolution
		{44A26A29-5F64-4A4C-BA91-F0860DBFA43A}.Debug|Any CPU.ActiveCfg = Debug|Any CPU
		{44A26A29-5F64-4A4C-BA91-F0860DBFA43A}.Debug|Any CPU.Build.0 = Debug|Any CPU
		{44A26A29-5F64-4A4C-BA91-F0860DBFA43A}.Release|Any CPU.ActiveCfg = Release|Any CPU
		{44A26A29-5F64-4A4C-BA91-F0860DBFA43A}.Release|Any CPU.Build.0 = Release|Any CPU
	EndGlobalSection
	GlobalSection(SolutionProperties) = preSolution
		HideSolutionNode = FALSE
	EndGlobalSection
	GlobalSection(ExtensibilityGlobals) = postSolution
		SolutionGuid = {9B8E2154-685A-46CE-9D0E-369BEBC2385F}
	EndGlobalSection
EndGlobal
