
Microsoft Visual Studio Solution File, Format Version 12.00
# Visual Studio Version 17
VisualStudioVersion = 17.4.33122.133
MinimumVisualStudioVersion = 10.0.40219.1
Project("{FAE04EC0-301F-11D3-BF4B-00C04F79EFBC}") = "UI", "UI\UI.csproj", "{7C956D83-77F1-4676-9A0D-1C8C548E05D1}"
EndProject
Project("{FAE04EC0-301F-11D3-BF4B-00C04F79EFBC}") = "Business", "Business\Business.csproj", "{1619ACB9-2EE9-47A0-86FD-BF3D15E76DB3}"
EndProject
Global
	GlobalSection(SolutionConfigurationPlatforms) = preSolution
		Debug|Any CPU = Debug|Any CPU
		Release|Any CPU = Release|Any CPU
	EndGlobalSection
	GlobalSection(ProjectConfigurationPlatforms) = postSolution
		{7C956D83-77F1-4676-9A0D-1C8C548E05D1}.Debug|Any CPU.ActiveCfg = Debug|Any CPU
		{7C956D83-77F1-4676-9A0D-1C8C548E05D1}.Debug|Any CPU.Build.0 = Debug|Any CPU
		{7C956D83-77F1-4676-9A0D-1C8C548E05D1}.Release|Any CPU.ActiveCfg = Release|Any CPU
		{7C956D83-77F1-4676-9A0D-1C8C548E05D1}.Release|Any CPU.Build.0 = Release|Any CPU
		{1619ACB9-2EE9-47A0-86FD-BF3D15E76DB3}.Debug|Any CPU.ActiveCfg = Debug|Any CPU
		{1619ACB9-2EE9-47A0-86FD-BF3D15E76DB3}.Debug|Any CPU.Build.0 = Debug|Any CPU
		{1619ACB9-2EE9-47A0-86FD-BF3D15E76DB3}.Release|Any CPU.ActiveCfg = Release|Any CPU
		{1619ACB9-2EE9-47A0-86FD-BF3D15E76DB3}.Release|Any CPU.Build.0 = Release|Any CPU
	EndGlobalSection
	GlobalSection(SolutionProperties) = preSolution
		HideSolutionNode = FALSE
	EndGlobalSection
	GlobalSection(ExtensibilityGlobals) = postSolution
		SolutionGuid = {395AAB3F-1787-4DBF-A302-0B78B4CBFB43}
	EndGlobalSection
EndGlobal
